
Microsoft Visual Studio Solution File, Format Version 12.00
# Visual Studio Version 17
VisualStudioVersion = 17.5.002.0
MinimumVisualStudioVersion = 10.0.40219.1
Project("{9A19103F-16F7-4668-BE54-9A1E7A4F7556}") = "TodoApi", "TodoApi.csproj", "{08779889-47C1-4104-A6FE-5BE535CA3992}"
EndProject
Global
	GlobalSection(SolutionConfigurationPlatforms) = preSolution
		Debug|Any CPU = Debug|Any CPU
		Release|Any CPU = Release|Any CPU
	EndGlobalSection
	GlobalSection(ProjectConfigurationPlatforms) = postSolution
		{08779889-47C1-4104-A6FE-5BE535CA3992}.Debug|Any CPU.ActiveCfg = Debug|Any CPU
		{08779889-47C1-4104-A6FE-5BE535CA3992}.Debug|Any CPU.Build.0 = Debug|Any CPU
		{08779889-47C1-4104-A6FE-5BE535CA3992}.Release|Any CPU.ActiveCfg = Release|Any CPU
		{08779889-47C1-4104-A6FE-5BE535CA3992}.Release|Any CPU.Build.0 = Release|Any CPU
	EndGlobalSection
	GlobalSection(SolutionProperties) = preSolution
		HideSolutionNode = FALSE
	EndGlobalSection
	GlobalSection(ExtensibilityGlobals) = postSolution
		SolutionGuid = {AEA0E31D-F29C-457F-9038-C7A22A8FD8E0}
	EndGlobalSection
EndGlobal
